
Microsoft Visual Studio Solution File, Format Version 12.00
# Visual Studio 15
VisualStudioVersion = 15.0.27703.2035
MinimumVisualStudioVersion = 10.0.40219.1
Project("{FAE04EC0-301F-11D3-BF4B-00C04F79EFBC}") = "DemoCibaoDev.Android", "DemoCibaoDev\DemoCibaoDev.Android\DemoCibaoDev.Android.csproj", "{35DC4A11-3AF1-463B-9FC8-E787918F363A}"
EndProject
Project("{FAE04EC0-301F-11D3-BF4B-00C04F79EFBC}") = "DemoCibaoDev.iOS", "DemoCibaoDev\DemoCibaoDev.iOS\DemoCibaoDev.iOS.csproj", "{77FBC16F-A6EC-453F-A12F-BD501F3BFB2B}"
EndProject
Project("{FAE04EC0-301F-11D3-BF4B-00C04F79EFBC}") = "DemoCibaoDev", "DemoCibaoDev\DemoCibaoDev\DemoCibaoDev.csproj", "{441A2975-0A03-4576-9AF0-87C0EC1BA984}"
EndProject
Global
	GlobalSection(SolutionConfigurationPlatforms) = preSolution
		Ad-Hoc|Any CPU = Ad-Hoc|Any CPU
		Ad-Hoc|iPhone = Ad-Hoc|iPhone
		Ad-Hoc|iPhoneSimulator = Ad-Hoc|iPhoneSimulator
		AppStore|Any CPU = AppStore|Any CPU
		AppStore|iPhone = AppStore|iPhone
		AppStore|iPhoneSimulator = AppStore|iPhoneSimulator
		Debug|Any CPU = Debug|Any CPU
		Debug|iPhone = Debug|iPhone
		Debug|iPhoneSimulator = Debug|iPhoneSimulator
		Release|Any CPU = Release|Any CPU
		Release|iPhone = Release|iPhone
		Release|iPhoneSimulator = Release|iPhoneSimulator
	EndGlobalSection
	GlobalSection(ProjectConfigurationPlatforms) = postSolution
		{35DC4A11-3AF1-463B-9FC8-E787918F363A}.Ad-Hoc|Any CPU.ActiveCfg = Release|Any CPU
		{35DC4A11-3AF1-463B-9FC8-E787918F363A}.Ad-Hoc|Any CPU.Build.0 = Release|Any CPU
		{35DC4A11-3AF1-463B-9FC8-E787918F363A}.Ad-Hoc|Any CPU.Deploy.0 = Release|Any CPU
		{35DC4A11-3AF1-463B-9FC8-E787918F363A}.Ad-Hoc|iPhone.ActiveCfg = Release|Any CPU
		{35DC4A11-3AF1-463B-9FC8-E787918F363A}.Ad-Hoc|iPhone.Build.0 = Release|Any CPU
		{35DC4A11-3AF1-463B-9FC8-E787918F363A}.Ad-Hoc|iPhone.Deploy.0 = Release|Any CPU
		{35DC4A11-3AF1-463B-9FC8-E787918F363A}.Ad-Hoc|iPhoneSimulator.ActiveCfg = Release|Any CPU
		{35DC4A11-3AF1-463B-9FC8-E787918F363A}.Ad-Hoc|iPhoneSimulator.Build.0 = Release|Any CPU
		{35DC4A11-3AF1-463B-9FC8-E787918F363A}.Ad-Hoc|iPhoneSimulator.Deploy.0 = Release|Any CPU
		{35DC4A11-3AF1-463B-9FC8-E787918F363A}.AppStore|Any CPU.ActiveCfg = Release|Any CPU
		{35DC4A11-3AF1-463B-9FC8-E787918F363A}.AppStore|Any CPU.Build.0 = Release|Any CPU
		{35DC4A11-3AF1-463B-9FC8-E787918F363A}.AppStore|Any CPU.Deploy.0 = Release|Any CPU
		{35DC4A11-3AF1-463B-9FC8-E787918F363A}.AppStore|iPhone.ActiveCfg = Release|Any CPU
		{35DC4A11-3AF1-463B-9FC8-E787918F363A}.AppStore|iPhone.Build.0 = Release|Any CPU
		{35DC4A11-3AF1-463B-9FC8-E787918F363A}.AppStore|iPhone.Deploy.0 = Release|Any CPU
		{35DC4A11-3AF1-463B-9FC8-E787918F363A}.AppStore|iPhoneSimulator.ActiveCfg = Release|Any CPU
		{35DC4A11-3AF1-463B-9FC8-E787918F363A}.AppStore|iPhoneSimulator.Build.0 = Release|Any CPU
		{35DC4A11-3AF1-463B-9FC8-E787918F363A}.AppStore|iPhoneSimulator.Deploy.0 = Release|Any CPU
		{35DC4A11-3AF1-463B-9FC8-E787918F363A}.Debug|Any CPU.ActiveCfg = Debug|Any CPU
		{35DC4A11-3AF1-463B-9FC8-E787918F363A}.Debug|Any CPU.Build.0 = Debug|Any CPU
		{35DC4A11-3AF1-463B-9FC8-E787918F363A}.Debug|Any CPU.Deploy.0 = Debug|Any CPU
		{35DC4A11-3AF1-463B-9FC8-E787918F363A}.Debug|iPhone.ActiveCfg = Debug|Any CPU
		{35DC4A11-3AF1-463B-9FC8-E787918F363A}.Debug|iPhone.Build.0 = Debug|Any CPU
		{35DC4A11-3AF1-463B-9FC8-E787918F363A}.Debug|iPhone.Deploy.0 = Debug|Any CPU
		{35DC4A11-3AF1-463B-9FC8-E787918F363A}.Debug|iPhoneSimulator.ActiveCfg = Debug|Any CPU
		{35DC4A11-3AF1-463B-9FC8-E787918F363A}.Debug|iPhoneSimulator.Build.0 = Debug|Any CPU
		{35DC4A11-3AF1-463B-9FC8-E787918F363A}.Debug|iPhoneSimulator.Deploy.0 = Debug|Any CPU
		{35DC4A11-3AF1-463B-9FC8-E787918F363A}.Release|Any CPU.ActiveCfg = Release|Any CPU
		{35DC4A11-3AF1-463B-9FC8-E787918F363A}.Release|Any CPU.Build.0 = Release|Any CPU
		{35DC4A11-3AF1-463B-9FC8-E787918F363A}.Release|Any CPU.Deploy.0 = Release|Any CPU
		{35DC4A11-3AF1-463B-9FC8-E787918F363A}.Release|iPhone.ActiveCfg = Release|Any CPU
		{35DC4A11-3AF1-463B-9FC8-E787918F363A}.Release|iPhone.Build.0 = Release|Any CPU
		{35DC4A11-3AF1-463B-9FC8-E787918F363A}.Release|iPhone.Deploy.0 = Release|Any CPU
		{35DC4A11-3AF1-463B-9FC8-E787918F363A}.Release|iPhoneSimulator.ActiveCfg = Release|Any CPU
		{35DC4A11-3AF1-463B-9FC8-E787918F363A}.Release|iPhoneSimulator.Build.0 = Release|Any CPU
		{35DC4A11-3AF1-463B-9FC8-E787918F363A}.Release|iPhoneSimulator.Deploy.0 = Release|Any CPU
		{77FBC16F-A6EC-453F-A12F-BD501F3BFB2B}.Ad-Hoc|Any CPU.ActiveCfg = Ad-Hoc|iPhone
		{77FBC16F-A6EC-453F-A12F-BD501F3BFB2B}.Ad-Hoc|Any CPU.Build.0 = Ad-Hoc|iPhone
		{77FBC16F-A6EC-453F-A12F-BD501F3BFB2B}.Ad-Hoc|Any CPU.Deploy.0 = Ad-Hoc|iPhone
		{77FBC16F-A6EC-453F-A12F-BD501F3BFB2B}.Ad-Hoc|iPhone.ActiveCfg = Ad-Hoc|iPhone
		{77FBC16F-A6EC-453F-A12F-BD501F3BFB2B}.Ad-Hoc|iPhone.Build.0 = Ad-Hoc|iPhone
		{77FBC16F-A6EC-453F-A12F-BD501F3BFB2B}.Ad-Hoc|iPhone.Deploy.0 = Ad-Hoc|iPhone
		{77FBC16F-A6EC-453F-A12F-BD501F3BFB2B}.Ad-Hoc|iPhoneSimulator.ActiveCfg = Ad-Hoc|iPhoneSimulator
		{77FBC16F-A6EC-453F-A12F-BD501F3BFB2B}.Ad-Hoc|iPhoneSimulator.Build.0 = Ad-Hoc|iPhoneSimulator
		{77FBC16F-A6EC-453F-A12F-BD501F3BFB2B}.Ad-Hoc|iPhoneSimulator.Deploy.0 = Ad-Hoc|iPhoneSimulator
		{77FBC16F-A6EC-453F-A12F-BD501F3BFB2B}.AppStore|Any CPU.ActiveCfg = AppStore|iPhone
		{77FBC16F-A6EC-453F-A12F-BD501F3BFB2B}.AppStore|Any CPU.Build.0 = AppStore|iPhone
		{77FBC16F-A6EC-453F-A12F-BD501F3BFB2B}.AppStore|Any CPU.Deploy.0 = AppStore|iPhone
		{77FBC16F-A6EC-453F-A12F-BD501F3BFB2B}.AppStore|iPhone.ActiveCfg = AppStore|iPhone
		{77FBC16F-A6EC-453F-A12F-BD501F3BFB2B}.AppStore|iPhone.Build.0 = AppStore|iPhone
		{77FBC16F-A6EC-453F-A12F-BD501F3BFB2B}.AppStore|iPhone.Deploy.0 = AppStore|iPhone
		{77FBC16F-A6EC-453F-A12F-BD501F3BFB2B}.AppStore|iPhoneSimulator.ActiveCfg = AppStore|iPhoneSimulator
		{77FBC16F-A6EC-453F-A12F-BD501F3BFB2B}.AppStore|iPhoneSimulator.Build.0 = AppStore|iPhoneSimulator
		{77FBC16F-A6EC-453F-A12F-BD501F3BFB2B}.AppStore|iPhoneSimulator.Deploy.0 = AppStore|iPhoneSimulator
		{77FBC16F-A6EC-453F-A12F-BD501F3BFB2B}.Debug|Any CPU.ActiveCfg = Debug|iPhoneSimulator
		{77FBC16F-A6EC-453F-A12F-BD501F3BFB2B}.Debug|Any CPU.Build.0 = Debug|iPhoneSimulator
		{77FBC16F-A6EC-453F-A12F-BD501F3BFB2B}.Debug|Any CPU.Deploy.0 = Debug|iPhoneSimulator
		{77FBC16F-A6EC-453F-A12F-BD501F3BFB2B}.Debug|iPhone.ActiveCfg = Debug|iPhone
		{77FBC16F-A6EC-453F-A12F-BD501F3BFB2B}.Debug|iPhone.Build.0 = Debug|iPhone
		{77FBC16F-A6EC-453F-A12F-BD501F3BFB2B}.Debug|iPhone.Deploy.0 = Debug|iPhone
		{77FBC16F-A6EC-453F-A12F-BD501F3BFB2B}.Debug|iPhoneSimulator.ActiveCfg = Debug|iPhoneSimulator
		{77FBC16F-A6EC-453F-A12F-BD501F3BFB2B}.Debug|iPhoneSimulator.Build.0 = Debug|iPhoneSimulator
		{77FBC16F-A6EC-453F-A12F-BD501F3BFB2B}.Debug|iPhoneSimulator.Deploy.0 = Debug|iPhoneSimulator
		{77FBC16F-A6EC-453F-A12F-BD501F3BFB2B}.Release|Any CPU.ActiveCfg = Release|iPhone
		{77FBC16F-A6EC-453F-A12F-BD501F3BFB2B}.Release|Any CPU.Build.0 = Release|iPhone
		{77FBC16F-A6EC-453F-A12F-BD501F3BFB2B}.Release|Any CPU.Deploy.0 = Release|iPhone
		{77FBC16F-A6EC-453F-A12F-BD501F3BFB2B}.Release|iPhone.ActiveCfg = Release|iPhone
		{77FBC16F-A6EC-453F-A12F-BD501F3BFB2B}.Release|iPhone.Build.0 = Release|iPhone
		{77FBC16F-A6EC-453F-A12F-BD501F3BFB2B}.Release|iPhone.Deploy.0 = Release|iPhone
		{77FBC16F-A6EC-453F-A12F-BD501F3BFB2B}.Release|iPhoneSimulator.ActiveCfg = Release|iPhoneSimulator
		{77FBC16F-A6EC-453F-A12F-BD501F3BFB2B}.Release|iPhoneSimulator.Build.0 = Release|iPhoneSimulator
		{77FBC16F-A6EC-453F-A12F-BD501F3BFB2B}.Release|iPhoneSimulator.Deploy.0 = Release|iPhoneSimulator
		{441A2975-0A03-4576-9AF0-87C0EC1BA984}.Ad-Hoc|Any CPU.ActiveCfg = Debug|Any CPU
		{441A2975-0A03-4576-9AF0-87C0EC1BA984}.Ad-Hoc|Any CPU.Build.0 = Debug|Any CPU
		{441A2975-0A03-4576-9AF0-87C0EC1BA984}.Ad-Hoc|Any CPU.Deploy.0 = Debug|Any CPU
		{441A2975-0A03-4576-9AF0-87C0EC1BA984}.Ad-Hoc|iPhone.ActiveCfg = Debug|Any CPU
		{441A2975-0A03-4576-9AF0-87C0EC1BA984}.Ad-Hoc|iPhone.Build.0 = Debug|Any CPU
		{441A2975-0A03-4576-9AF0-87C0EC1BA984}.Ad-Hoc|iPhone.Deploy.0 = Debug|Any CPU
		{441A2975-0A03-4576-9AF0-87C0EC1BA984}.Ad-Hoc|iPhoneSimulator.ActiveCfg = Debug|Any CPU
		{441A2975-0A03-4576-9AF0-87C0EC1BA984}.Ad-Hoc|iPhoneSimulator.Build.0 = Debug|Any CPU
		{441A2975-0A03-4576-9AF0-87C0EC1BA984}.Ad-Hoc|iPhoneSimulator.Deploy.0 = Debug|Any CPU
		{441A2975-0A03-4576-9AF0-87C0EC1BA984}.AppStore|Any CPU.ActiveCfg = Debug|Any CPU
		{441A2975-0A03-4576-9AF0-87C0EC1BA984}.AppStore|Any CPU.Build.0 = Debug|Any CPU
		{441A2975-0A03-4576-9AF0-87C0EC1BA984}.AppStore|Any CPU.Deploy.0 = Debug|Any CPU
		{441A2975-0A03-4576-9AF0-87C0EC1BA984}.AppStore|iPhone.ActiveCfg = Debug|Any CPU
		{441A2975-0A03-4576-9AF0-87C0EC1BA984}.AppStore|iPhone.Build.0 = Debug|Any CPU
		{441A2975-0A03-4576-9AF0-87C0EC1BA984}.AppStore|iPhone.Deploy.0 = Debug|Any CPU
		{441A2975-0A03-4576-9AF0-87C0EC1BA984}.AppStore|iPhoneSimulator.ActiveCfg = Debug|Any CPU
		{441A2975-0A03-4576-9AF0-87C0EC1BA984}.AppStore|iPhoneSimulator.Build.0 = Debug|Any CPU
		{441A2975-0A03-4576-9AF0-87C0EC1BA984}.AppStore|iPhoneSimulator.Deploy.0 = Debug|Any CPU
		{441A2975-0A03-4576-9AF0-87C0EC1BA984}.Debug|Any CPU.ActiveCfg = Debug|Any CPU
		{441A2975-0A03-4576-9AF0-87C0EC1BA984}.Debug|Any CPU.Build.0 = Debug|Any CPU
		{441A2975-0A03-4576-9AF0-87C0EC1BA984}.Debug|Any CPU.Deploy.0 = Debug|Any CPU
		{441A2975-0A03-4576-9AF0-87C0EC1BA984}.Debug|iPhone.ActiveCfg = Debug|Any CPU
		{441A2975-0A03-4576-9AF0-87C0EC1BA984}.Debug|iPhone.Build.0 = Debug|Any CPU
		{441A2975-0A03-4576-9AF0-87C0EC1BA984}.Debug|iPhone.Deploy.0 = Debug|Any CPU
		{441A2975-0A03-4576-9AF0-87C0EC1BA984}.Debug|iPhoneSimulator.ActiveCfg = Debug|Any CPU
		{441A2975-0A03-4576-9AF0-87C0EC1BA984}.Debug|iPhoneSimulator.Build.0 = Debug|Any CPU
		{441A2975-0A03-4576-9AF0-87C0EC1BA984}.Debug|iPhoneSimulator.Deploy.0 = Debug|Any CPU
		{441A2975-0A03-4576-9AF0-87C0EC1BA984}.Release|Any CPU.ActiveCfg = Release|Any CPU
		{441A2975-0A03-4576-9AF0-87C0EC1BA984}.Release|Any CPU.Build.0 = Release|Any CPU
		{441A2975-0A03-4576-9AF0-87C0EC1BA984}.Release|Any CPU.Deploy.0 = Release|Any CPU
		{441A2975-0A03-4576-9AF0-87C0EC1BA984}.Release|iPhone.ActiveCfg = Release|Any CPU
		{441A2975-0A03-4576-9AF0-87C0EC1BA984}.Release|iPhone.Build.0 = Release|Any CPU
		{441A2975-0A03-4576-9AF0-87C0EC1BA984}.Release|iPhone.Deploy.0 = Release|Any CPU
		{441A2975-0A03-4576-9AF0-87C0EC1BA984}.Release|iPhoneSimulator.ActiveCfg = Release|Any CPU
		{441A2975-0A03-4576-9AF0-87C0EC1BA984}.Release|iPhoneSimulator.Build.0 = Release|Any CPU
		{441A2975-0A03-4576-9AF0-87C0EC1BA984}.Release|iPhoneSimulator.Deploy.0 = Release|Any CPU
	EndGlobalSection
	GlobalSection(SolutionProperties) = preSolution
		HideSolutionNode = FALSE
	EndGlobalSection
	GlobalSection(ExtensibilityGlobals) = postSolution
		SolutionGuid = {593E856B-F3C9-4533-830E-DD93917F3AA5}
	EndGlobalSection
EndGlobal
